
Microsoft Visual Studio Solution File, Format Version 12.00
# Visual Studio Version 17
VisualStudioVersion = 17.6.33723.286
MinimumVisualStudioVersion = 10.0.40219.1
Project("{9A19103F-16F7-4668-BE54-9A1E7A4F7556}") = "EligibilityCalculation", ".\EligibilityCalculation\EligibilityCalculation.csproj", "{7E663C50-4947-40E0-99E8-0164399A63F5}"
EndProject
Project("{FAE04EC0-301F-11D3-BF4B-00C04F79EFBC}") = "EligibilityCalcUtilTest", ".\EligibilityCalcUtilTest\EligibilityCalcUtilTest.csproj", "{AF2C6D79-DDE2-4442-B9E7-20ED3FEACC2E}"
EndProject
Global
	GlobalSection(SolutionConfigurationPlatforms) = preSolution
		Debug|Any CPU = Debug|Any CPU
		Release|Any CPU = Release|Any CPU
	EndGlobalSection
	GlobalSection(ProjectConfigurationPlatforms) = postSolution
		{7E663C50-4947-40E0-99E8-0164399A63F5}.Debug|Any CPU.ActiveCfg = Debug|Any CPU
		{7E663C50-4947-40E0-99E8-0164399A63F5}.Debug|Any CPU.Build.0 = Debug|Any CPU
		{7E663C50-4947-40E0-99E8-0164399A63F5}.Release|Any CPU.ActiveCfg = Release|Any CPU
		{7E663C50-4947-40E0-99E8-0164399A63F5}.Release|Any CPU.Build.0 = Release|Any CPU
		{AF2C6D79-DDE2-4442-B9E7-20ED3FEACC2E}.Debug|Any CPU.ActiveCfg = Debug|Any CPU
		{AF2C6D79-DDE2-4442-B9E7-20ED3FEACC2E}.Debug|Any CPU.Build.0 = Debug|Any CPU
		{AF2C6D79-DDE2-4442-B9E7-20ED3FEACC2E}.Release|Any CPU.ActiveCfg = Release|Any CPU
		{AF2C6D79-DDE2-4442-B9E7-20ED3FEACC2E}.Release|Any CPU.Build.0 = Release|Any CPU
	EndGlobalSection
	GlobalSection(SolutionProperties) = preSolution
		HideSolutionNode = FALSE
	EndGlobalSection
	GlobalSection(ExtensibilityGlobals) = postSolution
		SolutionGuid = {40AE43C9-A7E5-4E07-9D98-A948D94C9B6A}
	EndGlobalSection
EndGlobal
